// !$*UTF8*$!
{
	archiveVersion = 1;
	classes = {
	};
	objectVersion = 52;
	objects = {

/* Begin PBXBuildFile section */
		41FFF9C525D3E876001F93F2 /* AppDelegate.swift in Sources */ = {isa = PBXBuildFile; fileRef = 41FFF9C425D3E876001F93F2 /* AppDelegate.swift */; };
		41FFF9C725D3E876001F93F2 /* SceneDelegate.swift in Sources */ = {isa = PBXBuildFile; fileRef = 41FFF9C625D3E876001F93F2 /* SceneDelegate.swift */; };
		41FFF9C925D3E876001F93F2 /* ViewController.swift in Sources */ = {isa = PBXBuildFile; fileRef = 41FFF9C825D3E876001F93F2 /* ViewController.swift */; };
		41FFF9CC25D3E876001F93F2 /* Main.storyboard in Resources */ = {isa = PBXBuildFile; fileRef = 41FFF9CA25D3E876001F93F2 /* Main.storyboard */; };
		41FFF9CE25D3E878001F93F2 /* Assets.xcassets in Resources */ = {isa = PBXBuildFile; fileRef = 41FFF9CD25D3E878001F93F2 /* Assets.xcassets */; };
		41FFF9D125D3E878001F93F2 /* LaunchScreen.storyboard in Resources */ = {isa = PBXBuildFile; fileRef = 41FFF9CF25D3E878001F93F2 /* LaunchScreen.storyboard */; };
		41FFF9DC25D3E878001F93F2 /* Demo_LayoutTests.swift in Sources */ = {isa = PBXBuildFile; fileRef = 41FFF9DB25D3E878001F93F2 /* Demo_LayoutTests.swift */; };
		41FFFA0125D3E91F001F93F2 /* DSKit_Utils.xcframework in Frameworks */ = {isa = PBXBuildFile; fileRef = 41FFF9FB25D3E91B001F93F2 /* DSKit_Utils.xcframework */; };
		41FFFA0225D3E91F001F93F2 /* DSKit_Utils.xcframework in Embed Frameworks */ = {isa = PBXBuildFile; fileRef = 41FFF9FB25D3E91B001F93F2 /* DSKit_Utils.xcframework */; settings = {ATTRIBUTES = (CodeSignOnCopy, RemoveHeadersOnCopy, ); }; };
		41FFFA0625D3E921001F93F2 /* DSKit.xcframework in Frameworks */ = {isa = PBXBuildFile; fileRef = 41FFF9FA25D3E91B001F93F2 /* DSKit.xcframework */; };
		41FFFA0725D3E921001F93F2 /* DSKit.xcframework in Embed Frameworks */ = {isa = PBXBuildFile; fileRef = 41FFF9FA25D3E91B001F93F2 /* DSKit.xcframework */; settings = {ATTRIBUTES = (CodeSignOnCopy, RemoveHeadersOnCopy, ); }; };
		41FFFA1225D40C7E001F93F2 /* SnapshotTesting in Frameworks */ = {isa = PBXBuildFile; productRef = 41FFFA1125D40C7E001F93F2 /* SnapshotTesting */; };
		41FFFA1525D40CC9001F93F2 /* ViewController.swift in Sources */ = {isa = PBXBuildFile; fileRef = 41FFF9C825D3E876001F93F2 /* ViewController.swift */; };
/* End PBXBuildFile section */

/* Begin PBXContainerItemProxy section */
		41FFF9D825D3E878001F93F2 /* PBXContainerItemProxy */ = {
			isa = PBXContainerItemProxy;
			containerPortal = 41FFF9B925D3E876001F93F2 /* Project object */;
			proxyType = 1;
			remoteGlobalIDString = 41FFF9C025D3E876001F93F2;
			remoteInfo = "Demo Layout";
		};
/* End PBXContainerItemProxy section */

/* Begin PBXCopyFilesBuildPhase section */
		41FFFA0325D3E91F001F93F2 /* Embed Frameworks */ = {
			isa = PBXCopyFilesBuildPhase;
			buildActionMask = 2147483647;
			dstPath = "";
			dstSubfolderSpec = 10;
			files = (
				41FFFA0225D3E91F001F93F2 /* DSKit_Utils.xcframework in Embed Frameworks */,
				41FFFA0725D3E921001F93F2 /* DSKit.xcframework in Embed Frameworks */,
			);
			name = "Embed Frameworks";
			runOnlyForDeploymentPostprocessing = 0;
		};
/* End PBXCopyFilesBuildPhase section */

/* Begin PBXFileReference section */
		41FFF9C125D3E876001F93F2 /* Demo Layout.app */ = {isa = PBXFileReference; explicitFileType = wrapper.application; includeInIndex = 0; path = "Demo Layout.app"; sourceTree = BUILT_PRODUCTS_DIR; };
		41FFF9C425D3E876001F93F2 /* AppDelegate.swift */ = {isa = PBXFileReference; lastKnownFileType = sourcecode.swift; path = AppDelegate.swift; sourceTree = "<group>"; };
		41FFF9C625D3E876001F93F2 /* SceneDelegate.swift */ = {isa = PBXFileReference; lastKnownFileType = sourcecode.swift; path = SceneDelegate.swift; sourceTree = "<group>"; };
		41FFF9C825D3E876001F93F2 /* ViewController.swift */ = {isa = PBXFileReference; lastKnownFileType = sourcecode.swift; path = ViewController.swift; sourceTree = "<group>"; };
		41FFF9CB25D3E876001F93F2 /* Base */ = {isa = PBXFileReference; lastKnownFileType = file.storyboard; name = Base; path = Base.lproj/Main.storyboard; sourceTree = "<group>"; };
		41FFF9CD25D3E878001F93F2 /* Assets.xcassets */ = {isa = PBXFileReference; lastKnownFileType = folder.assetcatalog; path = Assets.xcassets; sourceTree = "<group>"; };
		41FFF9D025D3E878001F93F2 /* Base */ = {isa = PBXFileReference; lastKnownFileType = file.storyboard; name = Base; path = Base.lproj/LaunchScreen.storyboard; sourceTree = "<group>"; };
		41FFF9D225D3E878001F93F2 /* Info.plist */ = {isa = PBXFileReference; lastKnownFileType = text.plist.xml; path = Info.plist; sourceTree = "<group>"; };
		41FFF9D725D3E878001F93F2 /* Demo LayoutTests.xctest */ = {isa = PBXFileReference; explicitFileType = wrapper.cfbundle; includeInIndex = 0; path = "Demo LayoutTests.xctest"; sourceTree = BUILT_PRODUCTS_DIR; };
		41FFF9DB25D3E878001F93F2 /* Demo_LayoutTests.swift */ = {isa = PBXFileReference; lastKnownFileType = sourcecode.swift; path = Demo_LayoutTests.swift; sourceTree = "<group>"; };
		41FFF9DD25D3E878001F93F2 /* Info.plist */ = {isa = PBXFileReference; lastKnownFileType = text.plist.xml; path = Info.plist; sourceTree = "<group>"; };
		41FFF9FA25D3E91B001F93F2 /* DSKit.xcframework */ = {isa = PBXFileReference; lastKnownFileType = wrapper.xcframework; name = DSKit.xcframework; path = ../../../Frameworks/DSKit.xcframework; sourceTree = "<group>"; };
		41FFF9FB25D3E91B001F93F2 /* DSKit_Utils.xcframework */ = {isa = PBXFileReference; lastKnownFileType = wrapper.xcframework; name = DSKit_Utils.xcframework; path = ../../../Frameworks/DSKit_Utils.xcframework; sourceTree = "<group>"; };
/* End PBXFileReference section */

/* Begin PBXFrameworksBuildPhase section */
		41FFF9BE25D3E876001F93F2 /* Frameworks */ = {
			isa = PBXFrameworksBuildPhase;
			buildActionMask = 2147483647;
			files = (
				41FFFA0125D3E91F001F93F2 /* DSKit_Utils.xcframework in Frameworks */,
				41FFFA0625D3E921001F93F2 /* DSKit.xcframework in Frameworks */,
			);
			runOnlyForDeploymentPostprocessing = 0;
		};
		41FFF9D425D3E878001F93F2 /* Frameworks */ = {
			isa = PBXFrameworksBuildPhase;
			buildActionMask = 2147483647;
			files = (
				41FFFA1225D40C7E001F93F2 /* SnapshotTesting in Frameworks */,
			);
			runOnlyForDeploymentPostprocessing = 0;
		};
/* End PBXFrameworksBuildPhase section */

/* Begin PBXGroup section */
		41FFF9B825D3E876001F93F2 = {
			isa = PBXGroup;
			children = (
				41FFF9C325D3E876001F93F2 /* Demo Layout */,
				41FFF9DA25D3E878001F93F2 /* Demo LayoutTests */,
				41FFF9C225D3E876001F93F2 /* Products */,
			);
			sourceTree = "<group>";
		};
		41FFF9C225D3E876001F93F2 /* Products */ = {
			isa = PBXGroup;
			children = (
				41FFF9C125D3E876001F93F2 /* Demo Layout.app */,
				41FFF9D725D3E878001F93F2 /* Demo LayoutTests.xctest */,
			);
			name = Products;
			sourceTree = "<group>";
		};
		41FFF9C325D3E876001F93F2 /* Demo Layout */ = {
			isa = PBXGroup;
			children = (
				41FFF9C425D3E876001F93F2 /* AppDelegate.swift */,
				41FFF9C625D3E876001F93F2 /* SceneDelegate.swift */,
				41FFF9C825D3E876001F93F2 /* ViewController.swift */,
				41FFF9FB25D3E91B001F93F2 /* DSKit_Utils.xcframework */,
				41FFF9FA25D3E91B001F93F2 /* DSKit.xcframework */,
				41FFF9CA25D3E876001F93F2 /* Main.storyboard */,
				41FFF9CD25D3E878001F93F2 /* Assets.xcassets */,
				41FFF9CF25D3E878001F93F2 /* LaunchScreen.storyboard */,
				41FFF9D225D3E878001F93F2 /* Info.plist */,
			);
			path = "Demo Layout";
			sourceTree = "<group>";
		};
		41FFF9DA25D3E878001F93F2 /* Demo LayoutTests */ = {
			isa = PBXGroup;
			children = (
				41FFF9DB25D3E878001F93F2 /* Demo_LayoutTests.swift */,
				41FFF9DD25D3E878001F93F2 /* Info.plist */,
			);
			path = "Demo LayoutTests";
			sourceTree = "<group>";
		};
/* End PBXGroup section */

/* Begin PBXNativeTarget section */
		41FFF9C025D3E876001F93F2 /* Demo Layout */ = {
			isa = PBXNativeTarget;
			buildConfigurationList = 41FFF9EB25D3E878001F93F2 /* Build configuration list for PBXNativeTarget "Demo Layout" */;
			buildPhases = (
				41FFF9BD25D3E876001F93F2 /* Sources */,
				41FFF9BE25D3E876001F93F2 /* Frameworks */,
				41FFF9BF25D3E876001F93F2 /* Resources */,
				41FFFA0325D3E91F001F93F2 /* Embed Frameworks */,
			);
			buildRules = (
			);
			dependencies = (
			);
			name = "Demo Layout";
			productName = "Demo Layout";
			productReference = 41FFF9C125D3E876001F93F2 /* Demo Layout.app */;
			productType = "com.apple.product-type.application";
		};
		41FFF9D625D3E878001F93F2 /* Demo LayoutTests */ = {
			isa = PBXNativeTarget;
			buildConfigurationList = 41FFF9EE25D3E878001F93F2 /* Build configuration list for PBXNativeTarget "Demo LayoutTests" */;
			buildPhases = (
				41FFF9D325D3E878001F93F2 /* Sources */,
				41FFF9D425D3E878001F93F2 /* Frameworks */,
				41FFF9D525D3E878001F93F2 /* Resources */,
			);
			buildRules = (
			);
			dependencies = (
				41FFF9D925D3E878001F93F2 /* PBXTargetDependency */,
			);
			name = "Demo LayoutTests";
			packageProductDependencies = (
				41FFFA1125D40C7E001F93F2 /* SnapshotTesting */,
			);
			productName = "Demo LayoutTests";
			productReference = 41FFF9D725D3E878001F93F2 /* Demo LayoutTests.xctest */;
			productType = "com.apple.product-type.bundle.unit-test";
		};
/* End PBXNativeTarget section */

/* Begin PBXProject section */
		41FFF9B925D3E876001F93F2 /* Project object */ = {
			isa = PBXProject;
			attributes = {
				LastSwiftUpdateCheck = 1240;
				LastUpgradeCheck = 1240;
				TargetAttributes = {
					41FFF9C025D3E876001F93F2 = {
						CreatedOnToolsVersion = 12.4;
					};
					41FFF9D625D3E878001F93F2 = {
						CreatedOnToolsVersion = 12.4;
						TestTargetID = 41FFF9C025D3E876001F93F2;
					};
				};
			};
			buildConfigurationList = 41FFF9BC25D3E876001F93F2 /* Build configuration list for PBXProject "Demo Layout" */;
			compatibilityVersion = "Xcode 9.3";
			developmentRegion = en;
			hasScannedForEncodings = 0;
			knownRegions = (
				en,
				Base,
			);
			mainGroup = 41FFF9B825D3E876001F93F2;
			packageReferences = (
				41FFFA1025D40C7E001F93F2 /* XCRemoteSwiftPackageReference "swift-snapshot-testing" */,
			);
			productRefGroup = 41FFF9C225D3E876001F93F2 /* Products */;
			projectDirPath = "";
			projectRoot = "";
			targets = (
				41FFF9C025D3E876001F93F2 /* Demo Layout */,
				41FFF9D625D3E878001F93F2 /* Demo LayoutTests */,
			);
		};
/* End PBXProject section */

/* Begin PBXResourcesBuildPhase section */
		41FFF9BF25D3E876001F93F2 /* Resources */ = {
			isa = PBXResourcesBuildPhase;
			buildActionMask = 2147483647;
			files = (
				41FFF9D125D3E878001F93F2 /* LaunchScreen.storyboard in Resources */,
				41FFF9CE25D3E878001F93F2 /* Assets.xcassets in Resources */,
				41FFF9CC25D3E876001F93F2 /* Main.storyboard in Resources */,
			);
			runOnlyForDeploymentPostprocessing = 0;
		};
		41FFF9D525D3E878001F93F2 /* Resources */ = {
			isa = PBXResourcesBuildPhase;
			buildActionMask = 2147483647;
			files = (
			);
			runOnlyForDeploymentPostprocessing = 0;
		};
/* End PBXResourcesBuildPhase section */

/* Begin PBXSourcesBuildPhase section */
		41FFF9BD25D3E876001F93F2 /* Sources */ = {
			isa = PBXSourcesBuildPhase;
			buildActionMask = 2147483647;
			files = (
				41FFF9C925D3E876001F93F2 /* ViewController.swift in Sources */,
				41FFF9C525D3E876001F93F2 /* AppDelegate.swift in Sources */,
				41FFF9C725D3E876001F93F2 /* SceneDelegate.swift in Sources */,
			);
			runOnlyForDeploymentPostprocessing = 0;
		};
		41FFF9D325D3E878001F93F2 /* Sources */ = {
			isa = PBXSourcesBuildPhase;
			buildActionMask = 2147483647;
			files = (
				41FFFA1525D40CC9001F93F2 /* ViewController.swift in Sources */,
				41FFF9DC25D3E878001F93F2 /* Demo_LayoutTests.swift in Sources */,
			);
			runOnlyForDeploymentPostprocessing = 0;
		};
/* End PBXSourcesBuildPhase section */

/* Begin PBXTargetDependency section */
		41FFF9D925D3E878001F93F2 /* PBXTargetDependency */ = {
			isa = PBXTargetDependency;
			target = 41FFF9C025D3E876001F93F2 /* Demo Layout */;
			targetProxy = 41FFF9D825D3E878001F93F2 /* PBXContainerItemProxy */;
		};
/* End PBXTargetDependency section */

/* Begin PBXVariantGroup section */
		41FFF9CA25D3E876001F93F2 /* Main.storyboard */ = {
			isa = PBXVariantGroup;
			children = (
				41FFF9CB25D3E876001F93F2 /* Base */,
			);
			name = Main.storyboard;
			sourceTree = "<group>";
		};
		41FFF9CF25D3E878001F93F2 /* LaunchScreen.storyboard */ = {
			isa = PBXVariantGroup;
			children = (
				41FFF9D025D3E878001F93F2 /* Base */,
			);
			name = LaunchScreen.storyboard;
			sourceTree = "<group>";
		};
/* End PBXVariantGroup section */

/* Begin XCBuildConfiguration section */
		41FFF9E925D3E878001F93F2 /* Debug */ = {
			isa = XCBuildConfiguration;
			buildSettings = {
				ALWAYS_SEARCH_USER_PATHS = NO;
				CLANG_ANALYZER_NONNULL = YES;
				CLANG_ANALYZER_NUMBER_OBJECT_CONVERSION = YES_AGGRESSIVE;
				CLANG_CXX_LANGUAGE_STANDARD = "gnu++14";
				CLANG_CXX_LIBRARY = "libc++";
				CLANG_ENABLE_MODULES = YES;
				CLANG_ENABLE_OBJC_ARC = YES;
				CLANG_ENABLE_OBJC_WEAK = YES;
				CLANG_WARN_BLOCK_CAPTURE_AUTORELEASING = YES;
				CLANG_WARN_BOOL_CONVERSION = YES;
				CLANG_WARN_COMMA = YES;
				CLANG_WARN_CONSTANT_CONVERSION = YES;
				CLANG_WARN_DEPRECATED_OBJC_IMPLEMENTATIONS = YES;
				CLANG_WARN_DIRECT_OBJC_ISA_USAGE = YES_ERROR;
				CLANG_WARN_DOCUMENTATION_COMMENTS = YES;
				CLANG_WARN_EMPTY_BODY = YES;
				CLANG_WARN_ENUM_CONVERSION = YES;
				CLANG_WARN_INFINITE_RECURSION = YES;
				CLANG_WARN_INT_CONVERSION = YES;
				CLANG_WARN_NON_LITERAL_NULL_CONVERSION = YES;
				CLANG_WARN_OBJC_IMPLICIT_RETAIN_SELF = YES;
				CLANG_WARN_OBJC_LITERAL_CONVERSION = YES;
				CLANG_WARN_OBJC_ROOT_CLASS = YES_ERROR;
				CLANG_WARN_QUOTED_INCLUDE_IN_FRAMEWORK_HEADER = YES;
				CLANG_WARN_RANGE_LOOP_ANALYSIS = YES;
				CLANG_WARN_STRICT_PROTOTYPES = YES;
				CLANG_WARN_SUSPICIOUS_MOVE = YES;
				CLANG_WARN_UNGUARDED_AVAILABILITY = YES_AGGRESSIVE;
				CLANG_WARN_UNREACHABLE_CODE = YES;
				CLANG_WARN__DUPLICATE_METHOD_MATCH = YES;
				COPY_PHASE_STRIP = NO;
				DEBUG_INFORMATION_FORMAT = dwarf;
				ENABLE_STRICT_OBJC_MSGSEND = YES;
				ENABLE_TESTABILITY = YES;
				GCC_C_LANGUAGE_STANDARD = gnu11;
				GCC_DYNAMIC_NO_PIC = NO;
				GCC_NO_COMMON_BLOCKS = YES;
				GCC_OPTIMIZATION_LEVEL = 0;
				GCC_PREPROCESSOR_DEFINITIONS = (
					"DEBUG=1",
					"$(inherited)",
				);
				GCC_WARN_64_TO_32_BIT_CONVERSION = YES;
				GCC_WARN_ABOUT_RETURN_TYPE = YES_ERROR;
				GCC_WARN_UNDECLARED_SELECTOR = YES;
				GCC_WARN_UNINITIALIZED_AUTOS = YES_AGGRESSIVE;
				GCC_WARN_UNUSED_FUNCTION = YES;
				GCC_WARN_UNUSED_VARIABLE = YES;
				IPHONEOS_DEPLOYMENT_TARGET = 14.4;
				MTL_ENABLE_DEBUG_INFO = INCLUDE_SOURCE;
				MTL_FAST_MATH = YES;
				ONLY_ACTIVE_ARCH = YES;
				SDKROOT = iphoneos;
				SWIFT_ACTIVE_COMPILATION_CONDITIONS = DEBUG;
				SWIFT_OPTIMIZATION_LEVEL = "-Onone";
			};
			name = Debug;
		};
		41FFF9EA25D3E878001F93F2 /* Release */ = {
			isa = XCBuildConfiguration;
			buildSettings = {
				ALWAYS_SEARCH_USER_PATHS = NO;
				CLANG_ANALYZER_NONNULL = YES;
				CLANG_ANALYZER_NUMBER_OBJECT_CONVERSION = YES_AGGRESSIVE;
				CLANG_CXX_LANGUAGE_STANDARD = "gnu++14";
				CLANG_CXX_LIBRARY = "libc++";
				CLANG_ENABLE_MODULES = YES;
				CLANG_ENABLE_OBJC_ARC = YES;
				CLANG_ENABLE_OBJC_WEAK = YES;
				CLANG_WARN_BLOCK_CAPTURE_AUTORELEASING = YES;
				CLANG_WARN_BOOL_CONVERSION = YES;
				CLANG_WARN_COMMA = YES;
				CLANG_WARN_CONSTANT_CONVERSION = YES;
				CLANG_WARN_DEPRECATED_OBJC_IMPLEMENTATIONS = YES;
				CLANG_WARN_DIRECT_OBJC_ISA_USAGE = YES_ERROR;
				CLANG_WARN_DOCUMENTATION_COMMENTS = YES;
				CLANG_WARN_EMPTY_BODY = YES;
				CLANG_WARN_ENUM_CONVERSION = YES;
				CLANG_WARN_INFINITE_RECURSION = YES;
				CLANG_WARN_INT_CONVERSION = YES;
				CLANG_WARN_NON_LITERAL_NULL_CONVERSION = YES;
				CLANG_WARN_OBJC_IMPLICIT_RETAIN_SELF = YES;
				CLANG_WARN_OBJC_LITERAL_CONVERSION = YES;
				CLANG_WARN_OBJC_ROOT_CLASS = YES_ERROR;
				CLANG_WARN_QUOTED_INCLUDE_IN_FRAMEWORK_HEADER = YES;
				CLANG_WARN_RANGE_LOOP_ANALYSIS = YES;
				CLANG_WARN_STRICT_PROTOTYPES = YES;
				CLANG_WARN_SUSPICIOUS_MOVE = YES;
				CLANG_WARN_UNGUARDED_AVAILABILITY = YES_AGGRESSIVE;
				CLANG_WARN_UNREACHABLE_CODE = YES;
				CLANG_WARN__DUPLICATE_METHOD_MATCH = YES;
				COPY_PHASE_STRIP = NO;
				DEBUG_INFORMATION_FORMAT = "dwarf-with-dsym";
				ENABLE_NS_ASSERTIONS = NO;
				ENABLE_STRICT_OBJC_MSGSEND = YES;
				GCC_C_LANGUAGE_STANDARD = gnu11;
				GCC_NO_COMMON_BLOCKS = YES;
				GCC_WARN_64_TO_32_BIT_CONVERSION = YES;
				GCC_WARN_ABOUT_RETURN_TYPE = YES_ERROR;
				GCC_WARN_UNDECLARED_SELECTOR = YES;
				GCC_WARN_UNINITIALIZED_AUTOS = YES_AGGRESSIVE;
				GCC_WARN_UNUSED_FUNCTION = YES;
				GCC_WARN_UNUSED_VARIABLE = YES;
				IPHONEOS_DEPLOYMENT_TARGET = 14.4;
				MTL_ENABLE_DEBUG_INFO = NO;
				MTL_FAST_MATH = YES;
				SDKROOT = iphoneos;
				SWIFT_COMPILATION_MODE = wholemodule;
				SWIFT_OPTIMIZATION_LEVEL = "-O";
				VALIDATE_PRODUCT = YES;
			};
			name = Release;
		};
		41FFF9EC25D3E878001F93F2 /* Debug */ = {
			isa = XCBuildConfiguration;
			buildSettings = {
				ASSETCATALOG_COMPILER_APPICON_NAME = AppIcon;
				ASSETCATALOG_COMPILER_GLOBAL_ACCENT_COLOR_NAME = AccentColor;
				CODE_SIGN_IDENTITY = "Apple Development";
				CODE_SIGN_STYLE = Automatic;
				DEVELOPMENT_TEAM = 27XPF5QBGW;
				INFOPLIST_FILE = "Demo Layout/Info.plist";
				IPHONEOS_DEPLOYMENT_TARGET = 13.0;
				LD_RUNPATH_SEARCH_PATHS = (
					"$(inherited)",
					"@executable_path/Frameworks",
				);
				PRODUCT_BUNDLE_IDENTIFIER = "layout.demo.Demo-Layout";
				PRODUCT_NAME = "$(TARGET_NAME)";
				PROVISIONING_PROFILE_SPECIFIER = "";
				SWIFT_VERSION = 5.0;
				TARGETED_DEVICE_FAMILY = 1;
			};
			name = Debug;
		};
		41FFF9ED25D3E878001F93F2 /* Release */ = {
			isa = XCBuildConfiguration;
			buildSettings = {
				ASSETCATALOG_COMPILER_APPICON_NAME = AppIcon;
				ASSETCATALOG_COMPILER_GLOBAL_ACCENT_COLOR_NAME = AccentColor;
				CODE_SIGN_IDENTITY = "Apple Development";
				CODE_SIGN_STYLE = Automatic;
				DEVELOPMENT_TEAM = 27XPF5QBGW;
				INFOPLIST_FILE = "Demo Layout/Info.plist";
				IPHONEOS_DEPLOYMENT_TARGET = 13.0;
				LD_RUNPATH_SEARCH_PATHS = (
					"$(inherited)",
					"@executable_path/Frameworks",
				);
				PRODUCT_BUNDLE_IDENTIFIER = "layout.demo.Demo-Layout";
				PRODUCT_NAME = "$(TARGET_NAME)";
				PROVISIONING_PROFILE_SPECIFIER = "";
				SWIFT_VERSION = 5.0;
				TARGETED_DEVICE_FAMILY = 1;
			};
			name = Release;
		};
		41FFF9EF25D3E878001F93F2 /* Debug */ = {
			isa = XCBuildConfiguration;
			buildSettings = {
				ALWAYS_EMBED_SWIFT_STANDARD_LIBRARIES = YES;
				BUNDLE_LOADER = "$(TEST_HOST)";
				CODE_SIGN_STYLE = Manual;
				DEVELOPMENT_TEAM = "";
				INFOPLIST_FILE = "Demo LayoutTests/Info.plist";
				IPHONEOS_DEPLOYMENT_TARGET = 14.4;
				LD_RUNPATH_SEARCH_PATHS = (
					"$(inherited)",
					"@executable_path/Frameworks",
					"@loader_path/Frameworks",
				);
				PRODUCT_BUNDLE_IDENTIFIER = "layout.demo.Demo-LayoutTests";
				PRODUCT_NAME = "$(TARGET_NAME)";
				PROVISIONING_PROFILE_SPECIFIER = "";
				"PROVISIONING_PROFILE_SPECIFIER[sdk=macosx*]" = "";
				SWIFT_VERSION = 5.0;
				TARGETED_DEVICE_FAMILY = "1,2";
				TEST_HOST = "$(BUILT_PRODUCTS_DIR)/Demo Layout.app/Demo Layout";
			};
			name = Debug;
		};
		41FFF9F025D3E878001F93F2 /* Release */ = {
			isa = XCBuildConfiguration;
			buildSettings = {
				ALWAYS_EMBED_SWIFT_STANDARD_LIBRARIES = YES;
				BUNDLE_LOADER = "$(TEST_HOST)";
				CODE_SIGN_STYLE = Manual;
				DEVELOPMENT_TEAM = "";
				INFOPLIST_FILE = "Demo LayoutTests/Info.plist";
				IPHONEOS_DEPLOYMENT_TARGET = 14.4;
				LD_RUNPATH_SEARCH_PATHS = (
					"$(inherited)",
					"@executable_path/Frameworks",
					"@loader_path/Frameworks",
				);
				PRODUCT_BUNDLE_IDENTIFIER = "layout.demo.Demo-LayoutTests";
				PRODUCT_NAME = "$(TARGET_NAME)";
				PROVISIONING_PROFILE_SPECIFIER = "";
				"PROVISIONING_PROFILE_SPECIFIER[sdk=macosx*]" = "";
				SWIFT_VERSION = 5.0;
				TARGETED_DEVICE_FAMILY = "1,2";
				TEST_HOST = "$(BUILT_PRODUCTS_DIR)/Demo Layout.app/Demo Layout";
			};
			name = Release;
		};
/* End XCBuildConfiguration section */

/* Begin XCConfigurationList section */
		41FFF9BC25D3E876001F93F2 /* Build configuration list for PBXProject "Demo Layout" */ = {
			isa = XCConfigurationList;
			buildConfigurations = (
				41FFF9E925D3E878001F93F2 /* Debug */,
				41FFF9EA25D3E878001F93F2 /* Release */,
			);
			defaultConfigurationIsVisible = 0;
			defaultConfigurationName = Release;
		};
		41FFF9EB25D3E878001F93F2 /* Build configuration list for PBXNativeTarget "Demo Layout" */ = {
			isa = XCConfigurationList;
			buildConfigurations = (
				41FFF9EC25D3E878001F93F2 /* Debug */,
				41FFF9ED25D3E878001F93F2 /* Release */,
			);
			defaultConfigurationIsVisible = 0;
			defaultConfigurationName = Release;
		};
		41FFF9EE25D3E878001F93F2 /* Build configuration list for PBXNativeTarget "Demo LayoutTests" */ = {
			isa = XCConfigurationList;
			buildConfigurations = (
				41FFF9EF25D3E878001F93F2 /* Debug */,
				41FFF9F025D3E878001F93F2 /* Release */,
			);
			defaultConfigurationIsVisible = 0;
			defaultConfigurationName = Release;
		};
/* End XCConfigurationList section */

/* Begin XCRemoteSwiftPackageReference section */
		41FFFA1025D40C7E001F93F2 /* XCRemoteSwiftPackageReference "swift-snapshot-testing" */ = {
			isa = XCRemoteSwiftPackageReference;
			repositoryURL = "https://github.com/pointfreeco/swift-snapshot-testing";
			requirement = {
				kind = upToNextMajorVersion;
				minimumVersion = 1.8.2;
			};
		};
/* End XCRemoteSwiftPackageReference section */

/* Begin XCSwiftPackageProductDependency section */
		41FFFA1125D40C7E001F93F2 /* SnapshotTesting */ = {
			isa = XCSwiftPackageProductDependency;
			package = 41FFFA1025D40C7E001F93F2 /* XCRemoteSwiftPackageReference "swift-snapshot-testing" */;
			productName = SnapshotTesting;
		};
/* End XCSwiftPackageProductDependency section */
	};
	rootObject = 41FFF9B925D3E876001F93F2 /* Project object */;
}
