// !$*UTF8*$!
{
	archiveVersion = 1;
	classes = {
	};
	objectVersion = 52;
	objects = {

/* Begin PBXBuildFile section */
		41BCACDA2611C7610023AEF3 /* ShopAppearance.swift in Sources */ = {isa = PBXBuildFile; fileRef = 41BCACD72611C7610023AEF3 /* ShopAppearance.swift */; };
		41BCACDB2611C7610023AEF3 /* PeachAppearance.swift in Sources */ = {isa = PBXBuildFile; fileRef = 41BCACD82611C7610023AEF3 /* PeachAppearance.swift */; };
		41BCACDC2611C7610023AEF3 /* BlackAppearance.swift in Sources */ = {isa = PBXBuildFile; fileRef = 41BCACD92611C7610023AEF3 /* BlackAppearance.swift */; };
		41D5F6E225E80DB100DFFE65 /* DSKitAppearance.swift in Sources */ = {isa = PBXBuildFile; fileRef = 41D5F6DD25E80DB100DFFE65 /* DSKitAppearance.swift */; };
		41D5F6E325E80DB100DFFE65 /* MintAppearance.swift in Sources */ = {isa = PBXBuildFile; fileRef = 41D5F6DE25E80DB100DFFE65 /* MintAppearance.swift */; };
		41D5F6E425E80DB100DFFE65 /* RetroAppearance.swift in Sources */ = {isa = PBXBuildFile; fileRef = 41D5F6DF25E80DB100DFFE65 /* RetroAppearance.swift */; };
		41D5F6E625E80DB100DFFE65 /* SystemAppearance.swift in Sources */ = {isa = PBXBuildFile; fileRef = 41D5F6E125E80DB100DFFE65 /* SystemAppearance.swift */; };
		41FFFA2C25D45CE5001F93F2 /* AppDelegate.swift in Sources */ = {isa = PBXBuildFile; fileRef = 41FFFA2B25D45CE5001F93F2 /* AppDelegate.swift */; };
		41FFFA2E25D45CE5001F93F2 /* SceneDelegate.swift in Sources */ = {isa = PBXBuildFile; fileRef = 41FFFA2D25D45CE5001F93F2 /* SceneDelegate.swift */; };
		41FFFA3025D45CE5001F93F2 /* ViewController.swift in Sources */ = {isa = PBXBuildFile; fileRef = 41FFFA2F25D45CE5001F93F2 /* ViewController.swift */; };
		41FFFA3325D45CE5001F93F2 /* Main.storyboard in Resources */ = {isa = PBXBuildFile; fileRef = 41FFFA3125D45CE5001F93F2 /* Main.storyboard */; };
		41FFFA3525D45CE7001F93F2 /* Assets.xcassets in Resources */ = {isa = PBXBuildFile; fileRef = 41FFFA3425D45CE7001F93F2 /* Assets.xcassets */; };
		41FFFA3825D45CE7001F93F2 /* LaunchScreen.storyboard in Resources */ = {isa = PBXBuildFile; fileRef = 41FFFA3625D45CE7001F93F2 /* LaunchScreen.storyboard */; };
		41FFFA4325D45CE7001F93F2 /* Demo_AppearanceTests.swift in Sources */ = {isa = PBXBuildFile; fileRef = 41FFFA4225D45CE7001F93F2 /* Demo_AppearanceTests.swift */; };
		41FFFA6825D45D23001F93F2 /* DSKit_Utils.xcframework in Frameworks */ = {isa = PBXBuildFile; fileRef = 41FFFA6225D45D1C001F93F2 /* DSKit_Utils.xcframework */; };
		41FFFA6925D45D23001F93F2 /* DSKit_Utils.xcframework in Embed Frameworks */ = {isa = PBXBuildFile; fileRef = 41FFFA6225D45D1C001F93F2 /* DSKit_Utils.xcframework */; settings = {ATTRIBUTES = (CodeSignOnCopy, RemoveHeadersOnCopy, ); }; };
		41FFFA6C25D45D24001F93F2 /* DSKit.xcframework in Frameworks */ = {isa = PBXBuildFile; fileRef = 41FFFA6325D45D1C001F93F2 /* DSKit.xcframework */; };
		41FFFA6D25D45D24001F93F2 /* DSKit.xcframework in Embed Frameworks */ = {isa = PBXBuildFile; fileRef = 41FFFA6325D45D1C001F93F2 /* DSKit.xcframework */; settings = {ATTRIBUTES = (CodeSignOnCopy, RemoveHeadersOnCopy, ); }; };
		41FFFA8125D46AC2001F93F2 /* SnapshotTesting in Frameworks */ = {isa = PBXBuildFile; productRef = 41FFFA8025D46AC2001F93F2 /* SnapshotTesting */; };
/* End PBXBuildFile section */

/* Begin PBXContainerItemProxy section */
		41FFFA3F25D45CE7001F93F2 /* PBXContainerItemProxy */ = {
			isa = PBXContainerItemProxy;
			containerPortal = 41FFFA2025D45CE5001F93F2 /* Project object */;
			proxyType = 1;
			remoteGlobalIDString = 41FFFA2725D45CE5001F93F2;
			remoteInfo = "Demo Appearance";
		};
/* End PBXContainerItemProxy section */

/* Begin PBXCopyFilesBuildPhase section */
		41FFFA6A25D45D23001F93F2 /* Embed Frameworks */ = {
			isa = PBXCopyFilesBuildPhase;
			buildActionMask = 2147483647;
			dstPath = "";
			dstSubfolderSpec = 10;
			files = (
				41FFFA6925D45D23001F93F2 /* DSKit_Utils.xcframework in Embed Frameworks */,
				41FFFA6D25D45D24001F93F2 /* DSKit.xcframework in Embed Frameworks */,
			);
			name = "Embed Frameworks";
			runOnlyForDeploymentPostprocessing = 0;
		};
/* End PBXCopyFilesBuildPhase section */

/* Begin PBXFileReference section */
		41BCACD72611C7610023AEF3 /* ShopAppearance.swift */ = {isa = PBXFileReference; fileEncoding = 4; lastKnownFileType = sourcecode.swift; path = ShopAppearance.swift; sourceTree = "<group>"; };
		41BCACD82611C7610023AEF3 /* PeachAppearance.swift */ = {isa = PBXFileReference; fileEncoding = 4; lastKnownFileType = sourcecode.swift; path = PeachAppearance.swift; sourceTree = "<group>"; };
		41BCACD92611C7610023AEF3 /* BlackAppearance.swift */ = {isa = PBXFileReference; fileEncoding = 4; lastKnownFileType = sourcecode.swift; path = BlackAppearance.swift; sourceTree = "<group>"; };
		41D5F6DD25E80DB100DFFE65 /* DSKitAppearance.swift */ = {isa = PBXFileReference; fileEncoding = 4; lastKnownFileType = sourcecode.swift; path = DSKitAppearance.swift; sourceTree = "<group>"; };
		41D5F6DE25E80DB100DFFE65 /* MintAppearance.swift */ = {isa = PBXFileReference; fileEncoding = 4; lastKnownFileType = sourcecode.swift; path = MintAppearance.swift; sourceTree = "<group>"; };
		41D5F6DF25E80DB100DFFE65 /* RetroAppearance.swift */ = {isa = PBXFileReference; fileEncoding = 4; lastKnownFileType = sourcecode.swift; path = RetroAppearance.swift; sourceTree = "<group>"; };
		41D5F6E125E80DB100DFFE65 /* SystemAppearance.swift */ = {isa = PBXFileReference; fileEncoding = 4; lastKnownFileType = sourcecode.swift; path = SystemAppearance.swift; sourceTree = "<group>"; };
		41FFFA2825D45CE5001F93F2 /* Demo Appearance.app */ = {isa = PBXFileReference; explicitFileType = wrapper.application; includeInIndex = 0; path = "Demo Appearance.app"; sourceTree = BUILT_PRODUCTS_DIR; };
		41FFFA2B25D45CE5001F93F2 /* AppDelegate.swift */ = {isa = PBXFileReference; lastKnownFileType = sourcecode.swift; path = AppDelegate.swift; sourceTree = "<group>"; };
		41FFFA2D25D45CE5001F93F2 /* SceneDelegate.swift */ = {isa = PBXFileReference; lastKnownFileType = sourcecode.swift; path = SceneDelegate.swift; sourceTree = "<group>"; };
		41FFFA2F25D45CE5001F93F2 /* ViewController.swift */ = {isa = PBXFileReference; lastKnownFileType = sourcecode.swift; path = ViewController.swift; sourceTree = "<group>"; };
		41FFFA3225D45CE5001F93F2 /* Base */ = {isa = PBXFileReference; lastKnownFileType = file.storyboard; name = Base; path = Base.lproj/Main.storyboard; sourceTree = "<group>"; };
		41FFFA3425D45CE7001F93F2 /* Assets.xcassets */ = {isa = PBXFileReference; lastKnownFileType = folder.assetcatalog; path = Assets.xcassets; sourceTree = "<group>"; };
		41FFFA3725D45CE7001F93F2 /* Base */ = {isa = PBXFileReference; lastKnownFileType = file.storyboard; name = Base; path = Base.lproj/LaunchScreen.storyboard; sourceTree = "<group>"; };
		41FFFA3925D45CE7001F93F2 /* Info.plist */ = {isa = PBXFileReference; lastKnownFileType = text.plist.xml; path = Info.plist; sourceTree = "<group>"; };
		41FFFA3E25D45CE7001F93F2 /* Demo AppearanceTests.xctest */ = {isa = PBXFileReference; explicitFileType = wrapper.cfbundle; includeInIndex = 0; path = "Demo AppearanceTests.xctest"; sourceTree = BUILT_PRODUCTS_DIR; };
		41FFFA4225D45CE7001F93F2 /* Demo_AppearanceTests.swift */ = {isa = PBXFileReference; lastKnownFileType = sourcecode.swift; path = Demo_AppearanceTests.swift; sourceTree = "<group>"; };
		41FFFA4425D45CE7001F93F2 /* Info.plist */ = {isa = PBXFileReference; lastKnownFileType = text.plist.xml; path = Info.plist; sourceTree = "<group>"; };
		41FFFA6225D45D1C001F93F2 /* DSKit_Utils.xcframework */ = {isa = PBXFileReference; lastKnownFileType = wrapper.xcframework; name = DSKit_Utils.xcframework; path = ../../../Frameworks/DSKit_Utils.xcframework; sourceTree = "<group>"; };
		41FFFA6325D45D1C001F93F2 /* DSKit.xcframework */ = {isa = PBXFileReference; lastKnownFileType = wrapper.xcframework; name = DSKit.xcframework; path = ../../../Frameworks/DSKit.xcframework; sourceTree = "<group>"; };
/* End PBXFileReference section */

/* Begin PBXFrameworksBuildPhase section */
		41FFFA2525D45CE5001F93F2 /* Frameworks */ = {
			isa = PBXFrameworksBuildPhase;
			buildActionMask = 2147483647;
			files = (
				41FFFA6825D45D23001F93F2 /* DSKit_Utils.xcframework in Frameworks */,
				41FFFA6C25D45D24001F93F2 /* DSKit.xcframework in Frameworks */,
			);
			runOnlyForDeploymentPostprocessing = 0;
		};
		41FFFA3B25D45CE7001F93F2 /* Frameworks */ = {
			isa = PBXFrameworksBuildPhase;
			buildActionMask = 2147483647;
			files = (
				41FFFA8125D46AC2001F93F2 /* SnapshotTesting in Frameworks */,
			);
			runOnlyForDeploymentPostprocessing = 0;
		};
/* End PBXFrameworksBuildPhase section */

/* Begin PBXGroup section */
		41D5F6DC25E80DB100DFFE65 /* Appearances */ = {
			isa = PBXGroup;
			children = (
				41D5F6DD25E80DB100DFFE65 /* DSKitAppearance.swift */,
				41D5F6DE25E80DB100DFFE65 /* MintAppearance.swift */,
				41D5F6DF25E80DB100DFFE65 /* RetroAppearance.swift */,
				41D5F6E125E80DB100DFFE65 /* SystemAppearance.swift */,
				41BCACD92611C7610023AEF3 /* BlackAppearance.swift */,
				41BCACD82611C7610023AEF3 /* PeachAppearance.swift */,
				41BCACD72611C7610023AEF3 /* ShopAppearance.swift */,
			);
			name = Appearances;
			path = ../../../Appearances;
			sourceTree = "<group>";
		};
		41FFFA1F25D45CE5001F93F2 = {
			isa = PBXGroup;
			children = (
				41FFFA2A25D45CE5001F93F2 /* Demo Appearance */,
				41FFFA4125D45CE7001F93F2 /* Demo AppearanceTests */,
				41FFFA2925D45CE5001F93F2 /* Products */,
			);
			sourceTree = "<group>";
		};
		41FFFA2925D45CE5001F93F2 /* Products */ = {
			isa = PBXGroup;
			children = (
				41FFFA2825D45CE5001F93F2 /* Demo Appearance.app */,
				41FFFA3E25D45CE7001F93F2 /* Demo AppearanceTests.xctest */,
			);
			name = Products;
			sourceTree = "<group>";
		};
		41FFFA2A25D45CE5001F93F2 /* Demo Appearance */ = {
			isa = PBXGroup;
			children = (
				41FFFA2B25D45CE5001F93F2 /* AppDelegate.swift */,
				41FFFA2D25D45CE5001F93F2 /* SceneDelegate.swift */,
				41FFFA2F25D45CE5001F93F2 /* ViewController.swift */,
				41D5F6DC25E80DB100DFFE65 /* Appearances */,
				41FFFA6225D45D1C001F93F2 /* DSKit_Utils.xcframework */,
				41FFFA6325D45D1C001F93F2 /* DSKit.xcframework */,
				41FFFA3125D45CE5001F93F2 /* Main.storyboard */,
				41FFFA3425D45CE7001F93F2 /* Assets.xcassets */,
				41FFFA3625D45CE7001F93F2 /* LaunchScreen.storyboard */,
				41FFFA3925D45CE7001F93F2 /* Info.plist */,
			);
			path = "Demo Appearance";
			sourceTree = "<group>";
		};
		41FFFA4125D45CE7001F93F2 /* Demo AppearanceTests */ = {
			isa = PBXGroup;
			children = (
				41FFFA4225D45CE7001F93F2 /* Demo_AppearanceTests.swift */,
				41FFFA4425D45CE7001F93F2 /* Info.plist */,
			);
			path = "Demo AppearanceTests";
			sourceTree = "<group>";
		};
/* End PBXGroup section */

/* Begin PBXNativeTarget section */
		41FFFA2725D45CE5001F93F2 /* Demo Appearance */ = {
			isa = PBXNativeTarget;
			buildConfigurationList = 41FFFA5225D45CE8001F93F2 /* Build configuration list for PBXNativeTarget "Demo Appearance" */;
			buildPhases = (
				41FFFA2425D45CE5001F93F2 /* Sources */,
				41FFFA2525D45CE5001F93F2 /* Frameworks */,
				41FFFA2625D45CE5001F93F2 /* Resources */,
				41FFFA6A25D45D23001F93F2 /* Embed Frameworks */,
			);
			buildRules = (
			);
			dependencies = (
			);
			name = "Demo Appearance";
			productName = "Demo Appearance";
			productReference = 41FFFA2825D45CE5001F93F2 /* Demo Appearance.app */;
			productType = "com.apple.product-type.application";
		};
		41FFFA3D25D45CE7001F93F2 /* Demo AppearanceTests */ = {
			isa = PBXNativeTarget;
			buildConfigurationList = 41FFFA5525D45CE8001F93F2 /* Build configuration list for PBXNativeTarget "Demo AppearanceTests" */;
			buildPhases = (
				41FFFA3A25D45CE7001F93F2 /* Sources */,
				41FFFA3B25D45CE7001F93F2 /* Frameworks */,
				41FFFA3C25D45CE7001F93F2 /* Resources */,
			);
			buildRules = (
			);
			dependencies = (
				41FFFA4025D45CE7001F93F2 /* PBXTargetDependency */,
			);
			name = "Demo AppearanceTests";
			packageProductDependencies = (
				41FFFA8025D46AC2001F93F2 /* SnapshotTesting */,
			);
			productName = "Demo AppearanceTests";
			productReference = 41FFFA3E25D45CE7001F93F2 /* Demo AppearanceTests.xctest */;
			productType = "com.apple.product-type.bundle.unit-test";
		};
/* End PBXNativeTarget section */

/* Begin PBXProject section */
		41FFFA2025D45CE5001F93F2 /* Project object */ = {
			isa = PBXProject;
			attributes = {
				LastSwiftUpdateCheck = 1240;
				LastUpgradeCheck = 1240;
				TargetAttributes = {
					41FFFA2725D45CE5001F93F2 = {
						CreatedOnToolsVersion = 12.4;
					};
					41FFFA3D25D45CE7001F93F2 = {
						CreatedOnToolsVersion = 12.4;
						TestTargetID = 41FFFA2725D45CE5001F93F2;
					};
				};
			};
			buildConfigurationList = 41FFFA2325D45CE5001F93F2 /* Build configuration list for PBXProject "Demo Appearance" */;
			compatibilityVersion = "Xcode 9.3";
			developmentRegion = en;
			hasScannedForEncodings = 0;
			knownRegions = (
				en,
				Base,
			);
			mainGroup = 41FFFA1F25D45CE5001F93F2;
			packageReferences = (
				41FFFA7F25D46AC2001F93F2 /* XCRemoteSwiftPackageReference "swift-snapshot-testing" */,
			);
			productRefGroup = 41FFFA2925D45CE5001F93F2 /* Products */;
			projectDirPath = "";
			projectRoot = "";
			targets = (
				41FFFA2725D45CE5001F93F2 /* Demo Appearance */,
				41FFFA3D25D45CE7001F93F2 /* Demo AppearanceTests */,
			);
		};
/* End PBXProject section */

/* Begin PBXResourcesBuildPhase section */
		41FFFA2625D45CE5001F93F2 /* Resources */ = {
			isa = PBXResourcesBuildPhase;
			buildActionMask = 2147483647;
			files = (
				41FFFA3825D45CE7001F93F2 /* LaunchScreen.storyboard in Resources */,
				41FFFA3525D45CE7001F93F2 /* Assets.xcassets in Resources */,
				41FFFA3325D45CE5001F93F2 /* Main.storyboard in Resources */,
			);
			runOnlyForDeploymentPostprocessing = 0;
		};
		41FFFA3C25D45CE7001F93F2 /* Resources */ = {
			isa = PBXResourcesBuildPhase;
			buildActionMask = 2147483647;
			files = (
			);
			runOnlyForDeploymentPostprocessing = 0;
		};
/* End PBXResourcesBuildPhase section */

/* Begin PBXSourcesBuildPhase section */
		41FFFA2425D45CE5001F93F2 /* Sources */ = {
			isa = PBXSourcesBuildPhase;
			buildActionMask = 2147483647;
			files = (
				41FFFA3025D45CE5001F93F2 /* ViewController.swift in Sources */,
				41BCACDA2611C7610023AEF3 /* ShopAppearance.swift in Sources */,
				41FFFA2C25D45CE5001F93F2 /* AppDelegate.swift in Sources */,
				41D5F6E325E80DB100DFFE65 /* MintAppearance.swift in Sources */,
				41FFFA2E25D45CE5001F93F2 /* SceneDelegate.swift in Sources */,
				41BCACDC2611C7610023AEF3 /* BlackAppearance.swift in Sources */,
				41D5F6E425E80DB100DFFE65 /* RetroAppearance.swift in Sources */,
				41BCACDB2611C7610023AEF3 /* PeachAppearance.swift in Sources */,
				41D5F6E625E80DB100DFFE65 /* SystemAppearance.swift in Sources */,
				41D5F6E225E80DB100DFFE65 /* DSKitAppearance.swift in Sources */,
			);
			runOnlyForDeploymentPostprocessing = 0;
		};
		41FFFA3A25D45CE7001F93F2 /* Sources */ = {
			isa = PBXSourcesBuildPhase;
			buildActionMask = 2147483647;
			files = (
				41FFFA4325D45CE7001F93F2 /* Demo_AppearanceTests.swift in Sources */,
			);
			runOnlyForDeploymentPostprocessing = 0;
		};
/* End PBXSourcesBuildPhase section */

/* Begin PBXTargetDependency section */
		41FFFA4025D45CE7001F93F2 /* PBXTargetDependency */ = {
			isa = PBXTargetDependency;
			target = 41FFFA2725D45CE5001F93F2 /* Demo Appearance */;
			targetProxy = 41FFFA3F25D45CE7001F93F2 /* PBXContainerItemProxy */;
		};
/* End PBXTargetDependency section */

/* Begin PBXVariantGroup section */
		41FFFA3125D45CE5001F93F2 /* Main.storyboard */ = {
			isa = PBXVariantGroup;
			children = (
				41FFFA3225D45CE5001F93F2 /* Base */,
			);
			name = Main.storyboard;
			sourceTree = "<group>";
		};
		41FFFA3625D45CE7001F93F2 /* LaunchScreen.storyboard */ = {
			isa = PBXVariantGroup;
			children = (
				41FFFA3725D45CE7001F93F2 /* Base */,
			);
			name = LaunchScreen.storyboard;
			sourceTree = "<group>";
		};
/* End PBXVariantGroup section */

/* Begin XCBuildConfiguration section */
		41FFFA5025D45CE8001F93F2 /* Debug */ = {
			isa = XCBuildConfiguration;
			buildSettings = {
				ALWAYS_SEARCH_USER_PATHS = NO;
				CLANG_ANALYZER_NONNULL = YES;
				CLANG_ANALYZER_NUMBER_OBJECT_CONVERSION = YES_AGGRESSIVE;
				CLANG_CXX_LANGUAGE_STANDARD = "gnu++14";
				CLANG_CXX_LIBRARY = "libc++";
				CLANG_ENABLE_MODULES = YES;
				CLANG_ENABLE_OBJC_ARC = YES;
				CLANG_ENABLE_OBJC_WEAK = YES;
				CLANG_WARN_BLOCK_CAPTURE_AUTORELEASING = YES;
				CLANG_WARN_BOOL_CONVERSION = YES;
				CLANG_WARN_COMMA = YES;
				CLANG_WARN_CONSTANT_CONVERSION = YES;
				CLANG_WARN_DEPRECATED_OBJC_IMPLEMENTATIONS = YES;
				CLANG_WARN_DIRECT_OBJC_ISA_USAGE = YES_ERROR;
				CLANG_WARN_DOCUMENTATION_COMMENTS = YES;
				CLANG_WARN_EMPTY_BODY = YES;
				CLANG_WARN_ENUM_CONVERSION = YES;
				CLANG_WARN_INFINITE_RECURSION = YES;
				CLANG_WARN_INT_CONVERSION = YES;
				CLANG_WARN_NON_LITERAL_NULL_CONVERSION = YES;
				CLANG_WARN_OBJC_IMPLICIT_RETAIN_SELF = YES;
				CLANG_WARN_OBJC_LITERAL_CONVERSION = YES;
				CLANG_WARN_OBJC_ROOT_CLASS = YES_ERROR;
				CLANG_WARN_QUOTED_INCLUDE_IN_FRAMEWORK_HEADER = YES;
				CLANG_WARN_RANGE_LOOP_ANALYSIS = YES;
				CLANG_WARN_STRICT_PROTOTYPES = YES;
				CLANG_WARN_SUSPICIOUS_MOVE = YES;
				CLANG_WARN_UNGUARDED_AVAILABILITY = YES_AGGRESSIVE;
				CLANG_WARN_UNREACHABLE_CODE = YES;
				CLANG_WARN__DUPLICATE_METHOD_MATCH = YES;
				COPY_PHASE_STRIP = NO;
				DEBUG_INFORMATION_FORMAT = dwarf;
				ENABLE_STRICT_OBJC_MSGSEND = YES;
				ENABLE_TESTABILITY = YES;
				GCC_C_LANGUAGE_STANDARD = gnu11;
				GCC_DYNAMIC_NO_PIC = NO;
				GCC_NO_COMMON_BLOCKS = YES;
				GCC_OPTIMIZATION_LEVEL = 0;
				GCC_PREPROCESSOR_DEFINITIONS = (
					"DEBUG=1",
					"$(inherited)",
				);
				GCC_WARN_64_TO_32_BIT_CONVERSION = YES;
				GCC_WARN_ABOUT_RETURN_TYPE = YES_ERROR;
				GCC_WARN_UNDECLARED_SELECTOR = YES;
				GCC_WARN_UNINITIALIZED_AUTOS = YES_AGGRESSIVE;
				GCC_WARN_UNUSED_FUNCTION = YES;
				GCC_WARN_UNUSED_VARIABLE = YES;
				IPHONEOS_DEPLOYMENT_TARGET = 14.4;
				MTL_ENABLE_DEBUG_INFO = INCLUDE_SOURCE;
				MTL_FAST_MATH = YES;
				ONLY_ACTIVE_ARCH = YES;
				SDKROOT = iphoneos;
				SWIFT_ACTIVE_COMPILATION_CONDITIONS = DEBUG;
				SWIFT_OPTIMIZATION_LEVEL = "-Onone";
			};
			name = Debug;
		};
		41FFFA5125D45CE8001F93F2 /* Release */ = {
			isa = XCBuildConfiguration;
			buildSettings = {
				ALWAYS_SEARCH_USER_PATHS = NO;
				CLANG_ANALYZER_NONNULL = YES;
				CLANG_ANALYZER_NUMBER_OBJECT_CONVERSION = YES_AGGRESSIVE;
				CLANG_CXX_LANGUAGE_STANDARD = "gnu++14";
				CLANG_CXX_LIBRARY = "libc++";
				CLANG_ENABLE_MODULES = YES;
				CLANG_ENABLE_OBJC_ARC = YES;
				CLANG_ENABLE_OBJC_WEAK = YES;
				CLANG_WARN_BLOCK_CAPTURE_AUTORELEASING = YES;
				CLANG_WARN_BOOL_CONVERSION = YES;
				CLANG_WARN_COMMA = YES;
				CLANG_WARN_CONSTANT_CONVERSION = YES;
				CLANG_WARN_DEPRECATED_OBJC_IMPLEMENTATIONS = YES;
				CLANG_WARN_DIRECT_OBJC_ISA_USAGE = YES_ERROR;
				CLANG_WARN_DOCUMENTATION_COMMENTS = YES;
				CLANG_WARN_EMPTY_BODY = YES;
				CLANG_WARN_ENUM_CONVERSION = YES;
				CLANG_WARN_INFINITE_RECURSION = YES;
				CLANG_WARN_INT_CONVERSION = YES;
				CLANG_WARN_NON_LITERAL_NULL_CONVERSION = YES;
				CLANG_WARN_OBJC_IMPLICIT_RETAIN_SELF = YES;
				CLANG_WARN_OBJC_LITERAL_CONVERSION = YES;
				CLANG_WARN_OBJC_ROOT_CLASS = YES_ERROR;
				CLANG_WARN_QUOTED_INCLUDE_IN_FRAMEWORK_HEADER = YES;
				CLANG_WARN_RANGE_LOOP_ANALYSIS = YES;
				CLANG_WARN_STRICT_PROTOTYPES = YES;
				CLANG_WARN_SUSPICIOUS_MOVE = YES;
				CLANG_WARN_UNGUARDED_AVAILABILITY = YES_AGGRESSIVE;
				CLANG_WARN_UNREACHABLE_CODE = YES;
				CLANG_WARN__DUPLICATE_METHOD_MATCH = YES;
				COPY_PHASE_STRIP = NO;
				DEBUG_INFORMATION_FORMAT = "dwarf-with-dsym";
				ENABLE_NS_ASSERTIONS = NO;
				ENABLE_STRICT_OBJC_MSGSEND = YES;
				GCC_C_LANGUAGE_STANDARD = gnu11;
				GCC_NO_COMMON_BLOCKS = YES;
				GCC_WARN_64_TO_32_BIT_CONVERSION = YES;
				GCC_WARN_ABOUT_RETURN_TYPE = YES_ERROR;
				GCC_WARN_UNDECLARED_SELECTOR = YES;
				GCC_WARN_UNINITIALIZED_AUTOS = YES_AGGRESSIVE;
				GCC_WARN_UNUSED_FUNCTION = YES;
				GCC_WARN_UNUSED_VARIABLE = YES;
				IPHONEOS_DEPLOYMENT_TARGET = 14.4;
				MTL_ENABLE_DEBUG_INFO = NO;
				MTL_FAST_MATH = YES;
				SDKROOT = iphoneos;
				SWIFT_COMPILATION_MODE = wholemodule;
				SWIFT_OPTIMIZATION_LEVEL = "-O";
				VALIDATE_PRODUCT = YES;
			};
			name = Release;
		};
		41FFFA5325D45CE8001F93F2 /* Debug */ = {
			isa = XCBuildConfiguration;
			buildSettings = {
				ASSETCATALOG_COMPILER_APPICON_NAME = AppIcon;
				ASSETCATALOG_COMPILER_GLOBAL_ACCENT_COLOR_NAME = AccentColor;
				CODE_SIGN_STYLE = Manual;
				DEVELOPMENT_TEAM = "";
				INFOPLIST_FILE = "Demo Appearance/Info.plist";
				IPHONEOS_DEPLOYMENT_TARGET = 13.0;
				LD_RUNPATH_SEARCH_PATHS = (
					"$(inherited)",
					"@executable_path/Frameworks",
				);
				PRODUCT_BUNDLE_IDENTIFIER = "appearance.demo.Demo-Appearance";
				PRODUCT_NAME = "$(TARGET_NAME)";
				PROVISIONING_PROFILE_SPECIFIER = "";
				SWIFT_VERSION = 5.0;
				TARGETED_DEVICE_FAMILY = 1;
			};
			name = Debug;
		};
		41FFFA5425D45CE8001F93F2 /* Release */ = {
			isa = XCBuildConfiguration;
			buildSettings = {
				ASSETCATALOG_COMPILER_APPICON_NAME = AppIcon;
				ASSETCATALOG_COMPILER_GLOBAL_ACCENT_COLOR_NAME = AccentColor;
				CODE_SIGN_STYLE = Manual;
				DEVELOPMENT_TEAM = "";
				INFOPLIST_FILE = "Demo Appearance/Info.plist";
				IPHONEOS_DEPLOYMENT_TARGET = 13.0;
				LD_RUNPATH_SEARCH_PATHS = (
					"$(inherited)",
					"@executable_path/Frameworks",
				);
				PRODUCT_BUNDLE_IDENTIFIER = "appearance.demo.Demo-Appearance";
				PRODUCT_NAME = "$(TARGET_NAME)";
				PROVISIONING_PROFILE_SPECIFIER = "";
				SWIFT_VERSION = 5.0;
				TARGETED_DEVICE_FAMILY = 1;
			};
			name = Release;
		};
		41FFFA5625D45CE8001F93F2 /* Debug */ = {
			isa = XCBuildConfiguration;
			buildSettings = {
				ALWAYS_EMBED_SWIFT_STANDARD_LIBRARIES = YES;
				BUNDLE_LOADER = "$(TEST_HOST)";
				CODE_SIGN_STYLE = Manual;
				DEVELOPMENT_TEAM = "";
				INFOPLIST_FILE = "Demo AppearanceTests/Info.plist";
				IPHONEOS_DEPLOYMENT_TARGET = 13.0;
				LD_RUNPATH_SEARCH_PATHS = (
					"$(inherited)",
					"@executable_path/Frameworks",
					"@loader_path/Frameworks",
				);
				PRODUCT_BUNDLE_IDENTIFIER = "appearance.demo.Demo-AppearanceTests";
				PRODUCT_NAME = "$(TARGET_NAME)";
				PROVISIONING_PROFILE_SPECIFIER = "";
				"PROVISIONING_PROFILE_SPECIFIER[sdk=macosx*]" = "";
				SWIFT_VERSION = 5.0;
				TARGETED_DEVICE_FAMILY = "1,2";
				TEST_HOST = "$(BUILT_PRODUCTS_DIR)/Demo Appearance.app/Demo Appearance";
			};
			name = Debug;
		};
		41FFFA5725D45CE8001F93F2 /* Release */ = {
			isa = XCBuildConfiguration;
			buildSettings = {
				ALWAYS_EMBED_SWIFT_STANDARD_LIBRARIES = YES;
				BUNDLE_LOADER = "$(TEST_HOST)";
				CODE_SIGN_STYLE = Manual;
				DEVELOPMENT_TEAM = "";
				INFOPLIST_FILE = "Demo AppearanceTests/Info.plist";
				IPHONEOS_DEPLOYMENT_TARGET = 13.0;
				LD_RUNPATH_SEARCH_PATHS = (
					"$(inherited)",
					"@executable_path/Frameworks",
					"@loader_path/Frameworks",
				);
				PRODUCT_BUNDLE_IDENTIFIER = "appearance.demo.Demo-AppearanceTests";
				PRODUCT_NAME = "$(TARGET_NAME)";
				PROVISIONING_PROFILE_SPECIFIER = "";
				"PROVISIONING_PROFILE_SPECIFIER[sdk=macosx*]" = "";
				SWIFT_VERSION = 5.0;
				TARGETED_DEVICE_FAMILY = "1,2";
				TEST_HOST = "$(BUILT_PRODUCTS_DIR)/Demo Appearance.app/Demo Appearance";
			};
			name = Release;
		};
/* End XCBuildConfiguration section */

/* Begin XCConfigurationList section */
		41FFFA2325D45CE5001F93F2 /* Build configuration list for PBXProject "Demo Appearance" */ = {
			isa = XCConfigurationList;
			buildConfigurations = (
				41FFFA5025D45CE8001F93F2 /* Debug */,
				41FFFA5125D45CE8001F93F2 /* Release */,
			);
			defaultConfigurationIsVisible = 0;
			defaultConfigurationName = Release;
		};
		41FFFA5225D45CE8001F93F2 /* Build configuration list for PBXNativeTarget "Demo Appearance" */ = {
			isa = XCConfigurationList;
			buildConfigurations = (
				41FFFA5325D45CE8001F93F2 /* Debug */,
				41FFFA5425D45CE8001F93F2 /* Release */,
			);
			defaultConfigurationIsVisible = 0;
			defaultConfigurationName = Release;
		};
		41FFFA5525D45CE8001F93F2 /* Build configuration list for PBXNativeTarget "Demo AppearanceTests" */ = {
			isa = XCConfigurationList;
			buildConfigurations = (
				41FFFA5625D45CE8001F93F2 /* Debug */,
				41FFFA5725D45CE8001F93F2 /* Release */,
			);
			defaultConfigurationIsVisible = 0;
			defaultConfigurationName = Release;
		};
/* End XCConfigurationList section */

/* Begin XCRemoteSwiftPackageReference section */
		41FFFA7F25D46AC2001F93F2 /* XCRemoteSwiftPackageReference "swift-snapshot-testing" */ = {
			isa = XCRemoteSwiftPackageReference;
			repositoryURL = "https://github.com/pointfreeco/swift-snapshot-testing";
			requirement = {
				kind = upToNextMajorVersion;
				minimumVersion = 1.8.2;
			};
		};
/* End XCRemoteSwiftPackageReference section */

/* Begin XCSwiftPackageProductDependency section */
		41FFFA8025D46AC2001F93F2 /* SnapshotTesting */ = {
			isa = XCSwiftPackageProductDependency;
			package = 41FFFA7F25D46AC2001F93F2 /* XCRemoteSwiftPackageReference "swift-snapshot-testing" */;
			productName = SnapshotTesting;
		};
/* End XCSwiftPackageProductDependency section */
	};
	rootObject = 41FFFA2025D45CE5001F93F2 /* Project object */;
}
